<?xml version="1.0" encoding="utf-8"?>
<Project ToolsVersion="4.0" xmlns="http://schemas.microsoft.com/developer/msbuild/2003">
  <ItemGroup>
    <Filter Include="brick">
      <UniqueIdentifier>{90B02C0F-FCC4-54C0-C546-F81F311A51F1}</UniqueIdentifier>
    </Filter>
  </ItemGroup>
  <ItemGroup>
    <ClInclude Include="src\brick.h" />
    <ClInclude Include="src\brick\Application.h">
      <Filter>brick</Filter>
    </ClInclude>
    <ClInclude Include="src\brick\Core.h">
      <Filter>brick</Filter>
    </ClInclude>
    <ClInclude Include="src\brick\EntryPoint.h">
      <Filter>brick</Filter>
    </ClInclude>
    <ClInclude Include="src\brick\Log.h">
      <Filter>brick</Filter>
    </ClInclude>
  </ItemGroup>
  <ItemGroup>
    <ClCompile Include="src\brick\Application.cpp">
      <Filter>brick</Filter>
    </ClCompile>
    <ClCompile Include="src\brick\Log.cpp">
      <Filter>brick</Filter>
    </ClCompile>
  </ItemGroup>
</Project>